
Microsoft Visual Studio Solution File, Format Version 12.00
# Visual Studio Version 17
VisualStudioVersion = 17.2.32630.192
MinimumVisualStudioVersion = 10.0.40219.1
Project("{8BC9CEB8-8B4A-11D0-8D11-00A0C91BC942}") = "Start.c", "Start.c\Start.c.vcxproj", "{CDB3D93E-83DB-4EE0-B6CD-9A5875C93470}"
EndProject
Global
	GlobalSection(SolutionConfigurationPlatforms) = preSolution
		Debug|x64 = Debug|x64
		Debug|x86 = Debug|x86
		Release|x64 = Release|x64
		Release|x86 = Release|x86
	EndGlobalSection
	GlobalSection(ProjectConfigurationPlatforms) = postSolution
		{CDB3D93E-83DB-4EE0-B6CD-9A5875C93470}.Debug|x64.ActiveCfg = Debug|x64
		{CDB3D93E-83DB-4EE0-B6CD-9A5875C93470}.Debug|x64.Build.0 = Debug|x64
		{CDB3D93E-83DB-4EE0-B6CD-9A5875C93470}.Debug|x86.ActiveCfg = Debug|Win32
		{CDB3D93E-83DB-4EE0-B6CD-9A5875C93470}.Debug|x86.Build.0 = Debug|Win32
		{CDB3D93E-83DB-4EE0-B6CD-9A5875C93470}.Release|x64.ActiveCfg = Release|x64
		{CDB3D93E-83DB-4EE0-B6CD-9A5875C93470}.Release|x64.Build.0 = Release|x64
		{CDB3D93E-83DB-4EE0-B6CD-9A5875C93470}.Release|x86.ActiveCfg = Release|Win32
		{CDB3D93E-83DB-4EE0-B6CD-9A5875C93470}.Release|x86.Build.0 = Release|Win32
	EndGlobalSection
	GlobalSection(SolutionProperties) = preSolution
		HideSolutionNode = FALSE
	EndGlobalSection
	GlobalSection(ExtensibilityGlobals) = postSolution
		SolutionGuid = {6A43C0F8-7BA0-4308-849E-5587E4405125}
	EndGlobalSection
EndGlobal
